
Microsoft Visual Studio Solution File, Format Version 12.00
# Visual Studio Version 16
VisualStudioVersion = 16.0.29102.190
MinimumVisualStudioVersion = 10.0.40219.1
Project("{FAE04EC0-301F-11D3-BF4B-00C04F79EFBC}") = "Test", "Test\Test.csproj", "{ECBAEEA7-6FA2-4E5F-B803-B46D7C91C96A}"
EndProject
Global
	GlobalSection(SolutionConfigurationPlatforms) = preSolution
		Debug|Any CPU = Debug|Any CPU
		Release|Any CPU = Release|Any CPU
	EndGlobalSection
	GlobalSection(ProjectConfigurationPlatforms) = postSolution
		{ECBAEEA7-6FA2-4E5F-B803-B46D7C91C96A}.Debug|Any CPU.ActiveCfg = Debug|Any CPU
		{ECBAEEA7-6FA2-4E5F-B803-B46D7C91C96A}.Debug|Any CPU.Build.0 = Debug|Any CPU
		{ECBAEEA7-6FA2-4E5F-B803-B46D7C91C96A}.Release|Any CPU.ActiveCfg = Release|Any CPU
		{ECBAEEA7-6FA2-4E5F-B803-B46D7C91C96A}.Release|Any CPU.Build.0 = Release|Any CPU
	EndGlobalSection
	GlobalSection(SolutionProperties) = preSolution
		HideSolutionNode = FALSE
	EndGlobalSection
	GlobalSection(ExtensibilityGlobals) = postSolution
		SolutionGuid = {6810193F-2324-4624-B9AB-B4D7E550A1A2}
	EndGlobalSection
EndGlobal
